
Microsoft Visual Studio Solution File, Format Version 12.00
# Visual Studio Version 17
VisualStudioVersion = 17.11.35431.28
MinimumVisualStudioVersion = 10.0.40219.1
Project("{FAE04EC0-301F-11D3-BF4B-00C04F79EFBC}") = "TransactionProcessor.Infrastructure", "src\TransactionProcessor.Infrastructure\TransactionProcessor.Infrastructure.csproj", "{9ED47DEE-FC3D-4EFD-A51B-75606CDB6BC2}"
EndProject
Project("{FAE04EC0-301F-11D3-BF4B-00C04F79EFBC}") = "TransactionProcessor.Domain", "src\TransactionProcessor.Domain\TransactionProcessor.Domain.csproj", "{AB6B7042-9FC9-4E2B-A682-B43D6F3267F3}"
EndProject
Project("{FAE04EC0-301F-11D3-BF4B-00C04F79EFBC}") = "TransactionProcessor.Application", "src\TransactionProcessor.Application\TransactionProcessor.Application.csproj", "{8A555E2C-1829-41C8-8647-C556A69956A4}"
EndProject
Project("{FAE04EC0-301F-11D3-BF4B-00C04F79EFBC}") = "TransactionProcessor.App", "src\TransactionProcessor.App\TransactionProcessor.App.csproj", "{21EB6EB4-D384-456D-B864-50D152D51A32}"
EndProject
Project("{E53339B2-1760-4266-BCC7-CA923CBCF16C}") = "docker-compose", "docker-compose.dcproj", "{0865F948-3791-4763-991B-6ADBD9CC816F}"
EndProject
Global
	GlobalSection(SolutionConfigurationPlatforms) = preSolution
		Debug|Any CPU = Debug|Any CPU
		Release|Any CPU = Release|Any CPU
	EndGlobalSection
	GlobalSection(ProjectConfigurationPlatforms) = postSolution
		{9ED47DEE-FC3D-4EFD-A51B-75606CDB6BC2}.Debug|Any CPU.ActiveCfg = Debug|Any CPU
		{9ED47DEE-FC3D-4EFD-A51B-75606CDB6BC2}.Debug|Any CPU.Build.0 = Debug|Any CPU
		{9ED47DEE-FC3D-4EFD-A51B-75606CDB6BC2}.Release|Any CPU.ActiveCfg = Release|Any CPU
		{9ED47DEE-FC3D-4EFD-A51B-75606CDB6BC2}.Release|Any CPU.Build.0 = Release|Any CPU
		{AB6B7042-9FC9-4E2B-A682-B43D6F3267F3}.Debug|Any CPU.ActiveCfg = Debug|Any CPU
		{AB6B7042-9FC9-4E2B-A682-B43D6F3267F3}.Debug|Any CPU.Build.0 = Debug|Any CPU
		{AB6B7042-9FC9-4E2B-A682-B43D6F3267F3}.Release|Any CPU.ActiveCfg = Release|Any CPU
		{AB6B7042-9FC9-4E2B-A682-B43D6F3267F3}.Release|Any CPU.Build.0 = Release|Any CPU
		{8A555E2C-1829-41C8-8647-C556A69956A4}.Debug|Any CPU.ActiveCfg = Debug|Any CPU
		{8A555E2C-1829-41C8-8647-C556A69956A4}.Debug|Any CPU.Build.0 = Debug|Any CPU
		{8A555E2C-1829-41C8-8647-C556A69956A4}.Release|Any CPU.ActiveCfg = Release|Any CPU
		{8A555E2C-1829-41C8-8647-C556A69956A4}.Release|Any CPU.Build.0 = Release|Any CPU
		{21EB6EB4-D384-456D-B864-50D152D51A32}.Debug|Any CPU.ActiveCfg = Debug|Any CPU
		{21EB6EB4-D384-456D-B864-50D152D51A32}.Debug|Any CPU.Build.0 = Debug|Any CPU
		{21EB6EB4-D384-456D-B864-50D152D51A32}.Release|Any CPU.ActiveCfg = Release|Any CPU
		{21EB6EB4-D384-456D-B864-50D152D51A32}.Release|Any CPU.Build.0 = Release|Any CPU
		{0865F948-3791-4763-991B-6ADBD9CC816F}.Debug|Any CPU.ActiveCfg = Debug|Any CPU
		{0865F948-3791-4763-991B-6ADBD9CC816F}.Debug|Any CPU.Build.0 = Debug|Any CPU
		{0865F948-3791-4763-991B-6ADBD9CC816F}.Release|Any CPU.ActiveCfg = Release|Any CPU
		{0865F948-3791-4763-991B-6ADBD9CC816F}.Release|Any CPU.Build.0 = Release|Any CPU
	EndGlobalSection
	GlobalSection(SolutionProperties) = preSolution
		HideSolutionNode = FALSE
	EndGlobalSection
	GlobalSection(ExtensibilityGlobals) = postSolution
		SolutionGuid = {E2C77800-70A0-4971-AAD4-BBD3C3E0B541}
	EndGlobalSection
EndGlobal
